
Microsoft Visual Studio Solution File, Format Version 12.00
# Visual Studio Version 16
VisualStudioVersion = 16.0.31005.135
MinimumVisualStudioVersion = 10.0.40219.1
Project("{FAE04EC0-301F-11D3-BF4B-00C04F79EFBC}") = "MVCSepet", "MVCSepet\MVCSepet.csproj", "{1765008D-963A-44FD-AC90-8474395ECD7D}"
EndProject
Global
	GlobalSection(SolutionConfigurationPlatforms) = preSolution
		Debug|Any CPU = Debug|Any CPU
		Release|Any CPU = Release|Any CPU
	EndGlobalSection
	GlobalSection(ProjectConfigurationPlatforms) = postSolution
		{1765008D-963A-44FD-AC90-8474395ECD7D}.Debug|Any CPU.ActiveCfg = Debug|Any CPU
		{1765008D-963A-44FD-AC90-8474395ECD7D}.Debug|Any CPU.Build.0 = Debug|Any CPU
		{1765008D-963A-44FD-AC90-8474395ECD7D}.Release|Any CPU.ActiveCfg = Release|Any CPU
		{1765008D-963A-44FD-AC90-8474395ECD7D}.Release|Any CPU.Build.0 = Release|Any CPU
	EndGlobalSection
	GlobalSection(SolutionProperties) = preSolution
		HideSolutionNode = FALSE
	EndGlobalSection
	GlobalSection(ExtensibilityGlobals) = postSolution
		SolutionGuid = {0FC7912F-FBFE-483A-AC38-1A70DF2A78C6}
	EndGlobalSection
EndGlobal
